
Microsoft Visual Studio Solution File, Format Version 12.00
# Visual Studio Version 17
VisualStudioVersion = 17.8.34330.188
MinimumVisualStudioVersion = 10.0.40219.1
Project("{9A19103F-16F7-4668-BE54-9A1E7A4F7556}") = "HJ.Revit.DataAccessor", "HJ.Revit.DataAccessor\HJ.Revit.DataAccessor.csproj", "{F8E8F056-D511-4BD6-B3C6-6BC89A47E16E}"
EndProject
Global
	GlobalSection(SolutionConfigurationPlatforms) = preSolution
		RVT2016_Debug|x64 = RVT2016_Debug|x64
		RVT2016_Release|x64 = RVT2016_Release|x64
		RVT2017_Debug|x64 = RVT2017_Debug|x64
		RVT2017_Release|x64 = RVT2017_Release|x64
		RVT2018_Debug|x64 = RVT2018_Debug|x64
		RVT2018_Release|x64 = RVT2018_Release|x64
		RVT2019_Debug|x64 = RVT2019_Debug|x64
		RVT2019_Release|x64 = RVT2019_Release|x64
		RVT2020_Debug|x64 = RVT2020_Debug|x64
		RVT2020_Release|x64 = RVT2020_Release|x64
		RVT2021_Debug|x64 = RVT2021_Debug|x64
		RVT2021_Release|x64 = RVT2021_Release|x64
		RVT2022_Debug|x64 = RVT2022_Debug|x64
		RVT2022_Release|x64 = RVT2022_Release|x64
		RVT2023_Debug|x64 = RVT2023_Debug|x64
		RVT2023_Release|x64 = RVT2023_Release|x64
		RVT2024_Debug|x64 = RVT2024_Debug|x64
		RVT2024_Release|x64 = RVT2024_Release|x64
	EndGlobalSection
	GlobalSection(ProjectConfigurationPlatforms) = postSolution
		{F8E8F056-D511-4BD6-B3C6-6BC89A47E16E}.RVT2016_Debug|x64.ActiveCfg = RVT2016_Debug|x64
		{F8E8F056-D511-4BD6-B3C6-6BC89A47E16E}.RVT2016_Debug|x64.Build.0 = RVT2016_Debug|x64
		{F8E8F056-D511-4BD6-B3C6-6BC89A47E16E}.RVT2016_Release|x64.ActiveCfg = RVT2016_Release|x64
		{F8E8F056-D511-4BD6-B3C6-6BC89A47E16E}.RVT2016_Release|x64.Build.0 = RVT2016_Release|x64
		{F8E8F056-D511-4BD6-B3C6-6BC89A47E16E}.RVT2017_Debug|x64.ActiveCfg = RVT2017_Debug|x64
		{F8E8F056-D511-4BD6-B3C6-6BC89A47E16E}.RVT2017_Debug|x64.Build.0 = RVT2017_Debug|x64
		{F8E8F056-D511-4BD6-B3C6-6BC89A47E16E}.RVT2017_Release|x64.ActiveCfg = RVT2017_Release|x64
		{F8E8F056-D511-4BD6-B3C6-6BC89A47E16E}.RVT2017_Release|x64.Build.0 = RVT2017_Release|x64
		{F8E8F056-D511-4BD6-B3C6-6BC89A47E16E}.RVT2018_Debug|x64.ActiveCfg = RVT2018_Debug|x64
		{F8E8F056-D511-4BD6-B3C6-6BC89A47E16E}.RVT2018_Debug|x64.Build.0 = RVT2018_Debug|x64
		{F8E8F056-D511-4BD6-B3C6-6BC89A47E16E}.RVT2018_Release|x64.ActiveCfg = RVT2018_Release|x64
		{F8E8F056-D511-4BD6-B3C6-6BC89A47E16E}.RVT2018_Release|x64.Build.0 = RVT2018_Release|x64
		{F8E8F056-D511-4BD6-B3C6-6BC89A47E16E}.RVT2019_Debug|x64.ActiveCfg = RVT2019_Debug|x64
		{F8E8F056-D511-4BD6-B3C6-6BC89A47E16E}.RVT2019_Debug|x64.Build.0 = RVT2019_Debug|x64
		{F8E8F056-D511-4BD6-B3C6-6BC89A47E16E}.RVT2019_Release|x64.ActiveCfg = RVT2019_Release|x64
		{F8E8F056-D511-4BD6-B3C6-6BC89A47E16E}.RVT2019_Release|x64.Build.0 = RVT2019_Release|x64
		{F8E8F056-D511-4BD6-B3C6-6BC89A47E16E}.RVT2020_Debug|x64.ActiveCfg = RVT2020_Debug|x64
		{F8E8F056-D511-4BD6-B3C6-6BC89A47E16E}.RVT2020_Debug|x64.Build.0 = RVT2020_Debug|x64
		{F8E8F056-D511-4BD6-B3C6-6BC89A47E16E}.RVT2020_Release|x64.ActiveCfg = RVT2020_Release|x64
		{F8E8F056-D511-4BD6-B3C6-6BC89A47E16E}.RVT2020_Release|x64.Build.0 = RVT2020_Release|x64
		{F8E8F056-D511-4BD6-B3C6-6BC89A47E16E}.RVT2021_Debug|x64.ActiveCfg = RVT2021_Debug|x64
		{F8E8F056-D511-4BD6-B3C6-6BC89A47E16E}.RVT2021_Debug|x64.Build.0 = RVT2021_Debug|x64
		{F8E8F056-D511-4BD6-B3C6-6BC89A47E16E}.RVT2021_Release|x64.ActiveCfg = RVT2021_Release|x64
		{F8E8F056-D511-4BD6-B3C6-6BC89A47E16E}.RVT2021_Release|x64.Build.0 = RVT2021_Release|x64
		{F8E8F056-D511-4BD6-B3C6-6BC89A47E16E}.RVT2022_Debug|x64.ActiveCfg = RVT2022_Debug|x64
		{F8E8F056-D511-4BD6-B3C6-6BC89A47E16E}.RVT2022_Debug|x64.Build.0 = RVT2022_Debug|x64
		{F8E8F056-D511-4BD6-B3C6-6BC89A47E16E}.RVT2022_Release|x64.ActiveCfg = RVT2022_Release|x64
		{F8E8F056-D511-4BD6-B3C6-6BC89A47E16E}.RVT2022_Release|x64.Build.0 = RVT2022_Release|x64
		{F8E8F056-D511-4BD6-B3C6-6BC89A47E16E}.RVT2023_Debug|x64.ActiveCfg = RVT2023_Debug|x64
		{F8E8F056-D511-4BD6-B3C6-6BC89A47E16E}.RVT2023_Debug|x64.Build.0 = RVT2023_Debug|x64
		{F8E8F056-D511-4BD6-B3C6-6BC89A47E16E}.RVT2023_Release|x64.ActiveCfg = RVT2023_Release|x64
		{F8E8F056-D511-4BD6-B3C6-6BC89A47E16E}.RVT2023_Release|x64.Build.0 = RVT2023_Release|x64
		{F8E8F056-D511-4BD6-B3C6-6BC89A47E16E}.RVT2024_Debug|x64.ActiveCfg = RVT2024_Debug|x64
		{F8E8F056-D511-4BD6-B3C6-6BC89A47E16E}.RVT2024_Debug|x64.Build.0 = RVT2024_Debug|x64
		{F8E8F056-D511-4BD6-B3C6-6BC89A47E16E}.RVT2024_Release|x64.ActiveCfg = RVT2024_Release|x64
		{F8E8F056-D511-4BD6-B3C6-6BC89A47E16E}.RVT2024_Release|x64.Build.0 = RVT2024_Release|x64
	EndGlobalSection
	GlobalSection(SolutionProperties) = preSolution
		HideSolutionNode = FALSE
	EndGlobalSection
	GlobalSection(ExtensibilityGlobals) = postSolution
		SolutionGuid = {49D4ECD5-6C13-49E5-8F96-14F47EACAB6E}
	EndGlobalSection
EndGlobal
